// !$*UTF8*$!
{
	archiveVersion = 1;
	classes = {
	};
	objectVersion = 46;
	objects = {

/* Begin PBXBuildFile section */
		66E390761D68AAAC005879FF /* main.m in Sources */ = {isa = PBXBuildFile; fileRef = 66E390751D68AAAC005879FF /* main.m */; };
		66E390791D68AAAC005879FF /* AppDelegate.m in Sources */ = {isa = PBXBuildFile; fileRef = 66E390781D68AAAC005879FF /* AppDelegate.m */; };
		66E3907C1D68AAAC005879FF /* ViewController.m in Sources */ = {isa = PBXBuildFile; fileRef = 66E3907B1D68AAAC005879FF /* ViewController.m */; };
		66E3907F1D68AAAC005879FF /* Main.storyboard in Resources */ = {isa = PBXBuildFile; fileRef = 66E3907D1D68AAAC005879FF /* Main.storyboard */; };
		66E390811D68AAAC005879FF /* Assets.xcassets in Resources */ = {isa = PBXBuildFile; fileRef = 66E390801D68AAAC005879FF /* Assets.xcassets */; };
		66E390841D68AAAC005879FF /* LaunchScreen.storyboard in Resources */ = {isa = PBXBuildFile; fileRef = 66E390821D68AAAC005879FF /* LaunchScreen.storyboard */; };
/* End PBXBuildFile section */

/* Begin PBXFileReference section */
		66E390711D68AAAC005879FF /* copy-WebImage.app */ = {isa = PBXFileReference; explicitFileType = wrapper.application; includeInIndex = 0; path = "copy-WebImage.app"; sourceTree = BUILT_PRODUCTS_DIR; };
		66E390751D68AAAC005879FF /* main.m */ = {isa = PBXFileReference; lastKnownFileType = sourcecode.c.objc; path = main.m; sourceTree = "<group>"; };
		66E390771D68AAAC005879FF /* AppDelegate.h */ = {isa = PBXFileReference; lastKnownFileType = sourcecode.c.h; path = AppDelegate.h; sourceTree = "<group>"; };
		66E390781D68AAAC005879FF /* AppDelegate.m */ = {isa = PBXFileReference; lastKnownFileType = sourcecode.c.objc; path = AppDelegate.m; sourceTree = "<group>"; };
		66E3907A1D68AAAC005879FF /* ViewController.h */ = {isa = PBXFileReference; lastKnownFileType = sourcecode.c.h; path = ViewController.h; sourceTree = "<group>"; };
		66E3907B1D68AAAC005879FF /* ViewController.m */ = {isa = PBXFileReference; lastKnownFileType = sourcecode.c.objc; path = ViewController.m; sourceTree = "<group>"; };
		66E3907E1D68AAAC005879FF /* Base */ = {isa = PBXFileReference; lastKnownFileType = file.storyboard; name = Base; path = Base.lproj/Main.storyboard; sourceTree = "<group>"; };
		66E390801D68AAAC005879FF /* Assets.xcassets */ = {isa = PBXFileReference; lastKnownFileType = folder.assetcatalog; path = Assets.xcassets; sourceTree = "<group>"; };
		66E390831D68AAAC005879FF /* Base */ = {isa = PBXFileReference; lastKnownFileType = file.storyboard; name = Base; path = Base.lproj/LaunchScreen.storyboard; sourceTree = "<group>"; };
		66E390851D68AAAC005879FF /* Info.plist */ = {isa = PBXFileReference; lastKnownFileType = text.plist.xml; path = Info.plist; sourceTree = "<group>"; };
/* End PBXFileReference section */

/* Begin PBXFrameworksBuildPhase section */
		66E3906E1D68AAAC005879FF /* Frameworks */ = {
			isa = PBXFrameworksBuildPhase;
			buildActionMask = 2147483647;
			files = (
			);
			runOnlyForDeploymentPostprocessing = 0;
		};
/* End PBXFrameworksBuildPhase section */

/* Begin PBXGroup section */
		66E390681D68AAAB005879FF = {
			isa = PBXGroup;
			children = (
				66E390731D68AAAC005879FF /* copy-WebImage */,
				66E390721D68AAAC005879FF /* Products */,
			);
			sourceTree = "<group>";
		};
		66E390721D68AAAC005879FF /* Products */ = {
			isa = PBXGroup;
			children = (
				66E390711D68AAAC005879FF /* copy-WebImage.app */,
			);
			name = Products;
			sourceTree = "<group>";
		};
		66E390731D68AAAC005879FF /* copy-WebImage */ = {
			isa = PBXGroup;
			children = (
				66E390771D68AAAC005879FF /* AppDelegate.h */,
				66E390781D68AAAC005879FF /* AppDelegate.m */,
				66E3907A1D68AAAC005879FF /* ViewController.h */,
				66E3907B1D68AAAC005879FF /* ViewController.m */,
				66E3907D1D68AAAC005879FF /* Main.storyboard */,
				66E390801D68AAAC005879FF /* Assets.xcassets */,
				66E390821D68AAAC005879FF /* LaunchScreen.storyboard */,
				66E390851D68AAAC005879FF /* Info.plist */,
				66E390741D68AAAC005879FF /* Supporting Files */,
			);
			path = "copy-WebImage";
			sourceTree = "<group>";
		};
		66E390741D68AAAC005879FF /* Supporting Files */ = {
			isa = PBXGroup;
			children = (
				66E390751D68AAAC005879FF /* main.m */,
			);
			name = "Supporting Files";
			sourceTree = "<group>";
		};
/* End PBXGroup section */

/* Begin PBXNativeTarget section */
		66E390701D68AAAC005879FF /* copy-WebImage */ = {
			isa = PBXNativeTarget;
			buildConfigurationList = 66E390881D68AAAC005879FF /* Build configuration list for PBXNativeTarget "copy-WebImage" */;
			buildPhases = (
				66E3906D1D68AAAC005879FF /* Sources */,
				66E3906E1D68AAAC005879FF /* Frameworks */,
				66E3906F1D68AAAC005879FF /* Resources */,
			);
			buildRules = (
			);
			dependencies = (
			);
			name = "copy-WebImage";
			productName = "copy-WebImage";
			productReference = 66E390711D68AAAC005879FF /* copy-WebImage.app */;
			productType = "com.apple.product-type.application";
		};
/* End PBXNativeTarget section */

/* Begin PBXProject section */
		66E390691D68AAAB005879FF /* Project object */ = {
			isa = PBXProject;
			attributes = {
				LastUpgradeCheck = 0730;
				ORGANIZATIONNAME = wangzn;
				TargetAttributes = {
					66E390701D68AAAC005879FF = {
						CreatedOnToolsVersion = 7.3;
					};
				};
			};
			buildConfigurationList = 66E3906C1D68AAAB005879FF /* Build configuration list for PBXProject "copy-WebImage" */;
			compatibilityVersion = "Xcode 3.2";
			developmentRegion = English;
			hasScannedForEncodings = 0;
			knownRegions = (
				en,
				Base,
			);
			mainGroup = 66E390681D68AAAB005879FF;
			productRefGroup = 66E390721D68AAAC005879FF /* Products */;
			projectDirPath = "";
			projectRoot = "";
			targets = (
				66E390701D68AAAC005879FF /* copy-WebImage */,
			);
		};
/* End PBXProject section */

/* Begin PBXResourcesBuildPhase section */
		66E3906F1D68AAAC005879FF /* Resources */ = {
			isa = PBXResourcesBuildPhase;
			buildActionMask = 2147483647;
			files = (
				66E390841D68AAAC005879FF /* LaunchScreen.storyboard in Resources */,
				66E390811D68AAAC005879FF /* Assets.xcassets in Resources */,
				66E3907F1D68AAAC005879FF /* Main.storyboard in Resources */,
			);
			runOnlyForDeploymentPostprocessing = 0;
		};
/* End PBXResourcesBuildPhase section */

/* Begin PBXSourcesBuildPhase section */
		66E3906D1D68AAAC005879FF /* Sources */ = {
			isa = PBXSourcesBuildPhase;
			buildActionMask = 2147483647;
			files = (
				66E3907C1D68AAAC005879FF /* ViewController.m in Sources */,
				66E390791D68AAAC005879FF /* AppDelegate.m in Sources */,
				66E390761D68AAAC005879FF /* main.m in Sources */,
			);
			runOnlyForDeploymentPostprocessing = 0;
		};
/* End PBXSourcesBuildPhase section */

/* Begin PBXVariantGroup section */
		66E3907D1D68AAAC005879FF /* Main.storyboard */ = {
			isa = PBXVariantGroup;
			children = (
				66E3907E1D68AAAC005879FF /* Base */,
			);
			name = Main.storyboard;
			sourceTree = "<group>";
		};
		66E390821D68AAAC005879FF /* LaunchScreen.storyboard */ = {
			isa = PBXVariantGroup;
			children = (
				66E390831D68AAAC005879FF /* Base */,
			);
			name = LaunchScreen.storyboard;
			sourceTree = "<group>";
		};
/* End PBXVariantGroup section */

/* Begin XCBuildConfiguration section */
		66E390861D68AAAC005879FF /* Debug */ = {
			isa = XCBuildConfiguration;
			buildSettings = {
				ALWAYS_SEARCH_USER_PATHS = NO;
				CLANG_ANALYZER_NONNULL = YES;
				CLANG_CXX_LANGUAGE_STANDARD = "gnu++0x";
				CLANG_CXX_LIBRARY = "libc++";
				CLANG_ENABLE_MODULES = YES;
				CLANG_ENABLE_OBJC_ARC = YES;
				CLANG_WARN_BOOL_CONVERSION = YES;
				CLANG_WARN_CONSTANT_CONVERSION = YES;
				CLANG_WARN_DIRECT_OBJC_ISA_USAGE = YES_ERROR;
				CLANG_WARN_EMPTY_BODY = YES;
				CLANG_WARN_ENUM_CONVERSION = YES;
				CLANG_WARN_INT_CONVERSION = YES;
				CLANG_WARN_OBJC_ROOT_CLASS = YES_ERROR;
				CLANG_WARN_UNREACHABLE_CODE = YES;
				CLANG_WARN__DUPLICATE_METHOD_MATCH = YES;
				"CODE_SIGN_IDENTITY[sdk=iphoneos*]" = "iPhone Developer";
				COPY_PHASE_STRIP = NO;
				DEBUG_INFORMATION_FORMAT = dwarf;
				ENABLE_STRICT_OBJC_MSGSEND = YES;
				ENABLE_TESTABILITY = YES;
				GCC_C_LANGUAGE_STANDARD = gnu99;
				GCC_DYNAMIC_NO_PIC = NO;
				GCC_NO_COMMON_BLOCKS = YES;
				GCC_OPTIMIZATION_LEVEL = 0;
				GCC_PREPROCESSOR_DEFINITIONS = (
					"DEBUG=1",
					"$(inherited)",
				);
				GCC_WARN_64_TO_32_BIT_CONVERSION = YES;
				GCC_WARN_ABOUT_RETURN_TYPE = YES_ERROR;
				GCC_WARN_UNDECLARED_SELECTOR = YES;
				GCC_WARN_UNINITIALIZED_AUTOS = YES_AGGRESSIVE;
				GCC_WARN_UNUSED_FUNCTION = YES;
				GCC_WARN_UNUSED_VARIABLE = YES;
				IPHONEOS_DEPLOYMENT_TARGET = 9.3;
				MTL_ENABLE_DEBUG_INFO = YES;
				ONLY_ACTIVE_ARCH = YES;
				SDKROOT = iphoneos;
				TARGETED_DEVICE_FAMILY = "1,2";
			};
			name = Debug;
		};
		66E390871D68AAAC005879FF /* Release */ = {
			isa = XCBuildConfiguration;
			buildSettings = {
				ALWAYS_SEARCH_USER_PATHS = NO;
				CLANG_ANALYZER_NONNULL = YES;
				CLANG_CXX_LANGUAGE_STANDARD = "gnu++0x";
				CLANG_CXX_LIBRARY = "libc++";
				CLANG_ENABLE_MODULES = YES;
				CLANG_ENABLE_OBJC_ARC = YES;
				CLANG_WARN_BOOL_CONVERSION = YES;
				CLANG_WARN_CONSTANT_CONVERSION = YES;
				CLANG_WARN_DIRECT_OBJC_ISA_USAGE = YES_ERROR;
				CLANG_WARN_EMPTY_BODY = YES;
				CLANG_WARN_ENUM_CONVERSION = YES;
				CLANG_WARN_INT_CONVERSION = YES;
				CLANG_WARN_OBJC_ROOT_CLASS = YES_ERROR;
				CLANG_WARN_UNREACHABLE_CODE = YES;
				CLANG_WARN__DUPLICATE_METHOD_MATCH = YES;
				"CODE_SIGN_IDENTITY[sdk=iphoneos*]" = "iPhone Developer";
				COPY_PHASE_STRIP = NO;
				DEBUG_INFORMATION_FORMAT = "dwarf-with-dsym";
				ENABLE_NS_ASSERTIONS = NO;
				ENABLE_STRICT_OBJC_MSGSEND = YES;
				GCC_C_LANGUAGE_STANDARD = gnu99;
				GCC_NO_COMMON_BLOCKS = YES;
				GCC_WARN_64_TO_32_BIT_CONVERSION = YES;
				GCC_WARN_ABOUT_RETURN_TYPE = YES_ERROR;
				GCC_WARN_UNDECLARED_SELECTOR = YES;
				GCC_WARN_UNINITIALIZED_AUTOS = YES_AGGRESSIVE;
				GCC_WARN_UNUSED_FUNCTION = YES;
				GCC_WARN_UNUSED_VARIABLE = YES;
				IPHONEOS_DEPLOYMENT_TARGET = 9.3;
				MTL_ENABLE_DEBUG_INFO = NO;
				SDKROOT = iphoneos;
				TARGETED_DEVICE_FAMILY = "1,2";
				VALIDATE_PRODUCT = YES;
			};
			name = Release;
		};
		66E390891D68AAAC005879FF /* Debug */ = {
			isa = XCBuildConfiguration;
			buildSettings = {
				ASSETCATALOG_COMPILER_APPICON_NAME = AppIcon;
				INFOPLIST_FILE = "copy-WebImage/Info.plist";
				LD_RUNPATH_SEARCH_PATHS = "$(inherited) @executable_path/Frameworks";
				PRODUCT_BUNDLE_IDENTIFIER = "com.wzn.copy-WebImage";
				PRODUCT_NAME = "$(TARGET_NAME)";
			};
			name = Debug;
		};
		66E3908A1D68AAAC005879FF /* Release */ = {
			isa = XCBuildConfiguration;
			buildSettings = {
				ASSETCATALOG_COMPILER_APPICON_NAME = AppIcon;
				INFOPLIST_FILE = "copy-WebImage/Info.plist";
				LD_RUNPATH_SEARCH_PATHS = "$(inherited) @executable_path/Frameworks";
				PRODUCT_BUNDLE_IDENTIFIER = "com.wzn.copy-WebImage";
				PRODUCT_NAME = "$(TARGET_NAME)";
			};
			name = Release;
		};
/* End XCBuildConfiguration section */

/* Begin XCConfigurationList section */
		66E3906C1D68AAAB005879FF /* Build configuration list for PBXProject "copy-WebImage" */ = {
			isa = XCConfigurationList;
			buildConfigurations = (
				66E390861D68AAAC005879FF /* Debug */,
				66E390871D68AAAC005879FF /* Release */,
			);
			defaultConfigurationIsVisible = 0;
			defaultConfigurationName = Release;
		};
		66E390881D68AAAC005879FF /* Build configuration list for PBXNativeTarget "copy-WebImage" */ = {
			isa = XCConfigurationList;
			buildConfigurations = (
				66E390891D68AAAC005879FF /* Debug */,
				66E3908A1D68AAAC005879FF /* Release */,
			);
			defaultConfigurationIsVisible = 0;
		};
/* End XCConfigurationList section */
	};
	rootObject = 66E390691D68AAAB005879FF /* Project object */;
}
